
Microsoft Visual Studio Solution File, Format Version 12.00
# Visual Studio Version 16
VisualStudioVersion = 16.0.31702.278
MinimumVisualStudioVersion = 10.0.40219.1
Project("{9A19103F-16F7-4668-BE54-9A1E7A4F7556}") = "git.demo", "git.demo\git.demo.csproj", "{542E1F4B-0044-401C-B58E-0FE6FE9D4A63}"
EndProject
Global
	GlobalSection(SolutionConfigurationPlatforms) = preSolution
		Debug|Any CPU = Debug|Any CPU
		Release|Any CPU = Release|Any CPU
	EndGlobalSection
	GlobalSection(ProjectConfigurationPlatforms) = postSolution
		{542E1F4B-0044-401C-B58E-0FE6FE9D4A63}.Debug|Any CPU.ActiveCfg = Debug|Any CPU
		{542E1F4B-0044-401C-B58E-0FE6FE9D4A63}.Debug|Any CPU.Build.0 = Debug|Any CPU
		{542E1F4B-0044-401C-B58E-0FE6FE9D4A63}.Release|Any CPU.ActiveCfg = Release|Any CPU
		{542E1F4B-0044-401C-B58E-0FE6FE9D4A63}.Release|Any CPU.Build.0 = Release|Any CPU
	EndGlobalSection
	GlobalSection(SolutionProperties) = preSolution
		HideSolutionNode = FALSE
	EndGlobalSection
	GlobalSection(ExtensibilityGlobals) = postSolution
		SolutionGuid = {93CE85A8-020C-43C1-B5E3-4D44F25A5C74}
	EndGlobalSection
EndGlobal
